
Microsoft Visual Studio Solution File, Format Version 12.00
# Visual Studio Version 16
VisualStudioVersion = 16.0.31515.178
MinimumVisualStudioVersion = 10.0.40219.1
Project("{FAE04EC0-301F-11D3-BF4B-00C04F79EFBC}") = "ChallengeFiap.Api", "ChallengeFiap.Api\ChallengeFiap.Api.csproj", "{272F6C31-B1CC-4C47-8BE7-A308AA491B63}"
EndProject
Global
	GlobalSection(SolutionConfigurationPlatforms) = preSolution
		Debug|Any CPU = Debug|Any CPU
		Release|Any CPU = Release|Any CPU
	EndGlobalSection
	GlobalSection(ProjectConfigurationPlatforms) = postSolution
		{272F6C31-B1CC-4C47-8BE7-A308AA491B63}.Debug|Any CPU.ActiveCfg = Debug|Any CPU
		{272F6C31-B1CC-4C47-8BE7-A308AA491B63}.Debug|Any CPU.Build.0 = Debug|Any CPU
		{272F6C31-B1CC-4C47-8BE7-A308AA491B63}.Release|Any CPU.ActiveCfg = Release|Any CPU
		{272F6C31-B1CC-4C47-8BE7-A308AA491B63}.Release|Any CPU.Build.0 = Release|Any CPU
	EndGlobalSection
	GlobalSection(SolutionProperties) = preSolution
		HideSolutionNode = FALSE
	EndGlobalSection
	GlobalSection(ExtensibilityGlobals) = postSolution
		SolutionGuid = {088DDB01-E164-4A34-A34F-42808E0B77D6}
	EndGlobalSection
EndGlobal
